# This file is generated by running "yarn install" inside your project.
# Manual changes might be lost - proceed with caution!

__metadata:
  version: 6
  cacheKey: 8

"@colors/colors@npm:1.5.0":
  version: 1.5.0
  resolution: "@colors/colors@npm:1.5.0"
  checksum: d64d5260bed1d5012ae3fc617d38d1afc0329fec05342f4e6b838f46998855ba56e0a73833f4a80fa8378c84810da254f76a8a19c39d038260dc06dc4e007425
  languageName: node
  linkType: hard

"@cspotcode/source-map-support@npm:^0.8.0":
  version: 0.8.1
  resolution: "@cspotcode/source-map-support@npm:0.8.1"
  dependencies:
    "@jridgewell/trace-mapping": 0.3.9
  checksum: 5718f267085ed8edb3e7ef210137241775e607ee18b77d95aa5bd7514f47f5019aa2d82d96b3bf342ef7aa890a346fa1044532ff7cc3009e7d24fce3ce6200fa
  languageName: node
  linkType: hard

"@dabh/diagnostics@npm:^2.0.2":
  version: 2.0.3
  resolution: "@dabh/diagnostics@npm:2.0.3"
  dependencies:
    colorspace: 1.1.x
    enabled: 2.0.x
    kuler: ^2.0.0
  checksum: 4879600c55c8315a0fb85fbb19057bad1adc08f0a080a8cb4e2b63f723c379bfc4283b68123a2b078d367b327dd8df12fcb27464efe791addc0a48b9df6d79a1
  languageName: node
  linkType: hard

"@deno/shim-deno-test@npm:^0.4.0":
  version: 0.4.0
  resolution: "@deno/shim-deno-test@npm:0.4.0"
  checksum: 37397110e88f7f0f450f2e44a529ca1b240f5063783cc2e29b740ddd653ecca628a3764b935069569bd8a2830dad8ba1460351579a723e81e346eff420622708
  languageName: node
  linkType: hard

"@deno/shim-deno@npm:~0.12.0":
  version: 0.12.0
  resolution: "@deno/shim-deno@npm:0.12.0"
  dependencies:
    "@deno/shim-deno-test": ^0.4.0
    which: ^2.0.2
  checksum: bd0e093c68c598744b612c6d70573030395fb6b147e39d766bb2bd479e74084396612e53fae26b15281c0e983b500521cda021512f2154c74ebb4ccd1f1cc654
  languageName: node
  linkType: hard

"@jridgewell/resolve-uri@npm:^3.0.3":
  version: 3.1.0
  resolution: "@jridgewell/resolve-uri@npm:3.1.0"
  checksum: b5ceaaf9a110fcb2780d1d8f8d4a0bfd216702f31c988d8042e5f8fbe353c55d9b0f55a1733afdc64806f8e79c485d2464680ac48a0d9fcadb9548ee6b81d267
  languageName: node
  linkType: hard

"@jridgewell/sourcemap-codec@npm:^1.4.10":
  version: 1.4.14
  resolution: "@jridgewell/sourcemap-codec@npm:1.4.14"
  checksum: 61100637b6d173d3ba786a5dff019e1a74b1f394f323c1fee337ff390239f053b87266c7a948777f4b1ee68c01a8ad0ab61e5ff4abb5a012a0b091bec391ab97
  languageName: node
  linkType: hard

"@jridgewell/trace-mapping@npm:0.3.9":
  version: 0.3.9
  resolution: "@jridgewell/trace-mapping@npm:0.3.9"
  dependencies:
    "@jridgewell/resolve-uri": ^3.0.3
    "@jridgewell/sourcemap-codec": ^1.4.10
  checksum: d89597752fd88d3f3480845691a05a44bd21faac18e2185b6f436c3b0fd0c5a859fbbd9aaa92050c4052caf325ad3e10e2e1d1b64327517471b7d51babc0ddef
  languageName: node
  linkType: hard

"@tsconfig/node10@npm:^1.0.7":
  version: 1.0.9
  resolution: "@tsconfig/node10@npm:1.0.9"
  checksum: a33ae4dc2a621c0678ac8ac4bceb8e512ae75dac65417a2ad9b022d9b5411e863c4c198b6ba9ef659e14b9fb609bbec680841a2e84c1172df7a5ffcf076539df
  languageName: node
  linkType: hard

"@tsconfig/node12@npm:^1.0.7":
  version: 1.0.11
  resolution: "@tsconfig/node12@npm:1.0.11"
  checksum: 5ce29a41b13e7897a58b8e2df11269c5395999e588b9a467386f99d1d26f6c77d1af2719e407621412520ea30517d718d5192a32403b8dfcc163bf33e40a338a
  languageName: node
  linkType: hard

"@tsconfig/node14@npm:^1.0.0":
  version: 1.0.3
  resolution: "@tsconfig/node14@npm:1.0.3"
  checksum: 19275fe80c4c8d0ad0abed6a96dbf00642e88b220b090418609c4376e1cef81bf16237bf170ad1b341452feddb8115d8dd2e5acdfdea1b27422071163dc9ba9d
  languageName: node
  linkType: hard

"@tsconfig/node16@npm:^1.0.2":
  version: 1.0.3
  resolution: "@tsconfig/node16@npm:1.0.3"
  checksum: 3a8b657dd047495b7ad23437d6afd20297ce90380ff0bdee93fc7d39a900dbd8d9e26e53ff6b465e7967ce2adf0b218782590ce9013285121e6a5928fbd6819f
  languageName: node
  linkType: hard

"@typegoose/typegoose@npm:^10.2.0":
  version: 10.2.0
  resolution: "@typegoose/typegoose@npm:10.2.0"
  dependencies:
    lodash: ^4.17.20
    loglevel: ^1.8.1
    reflect-metadata: ^0.1.13
    semver: ^7.3.8
    tslib: ^2.5.0
  peerDependencies:
    mongoose: ~6.10.0
  checksum: 40baa298f1ad1ab92356862080d865eeac9c82d6304329da0142c7315abae1cc2defacf2678761c171e52bce02e6f81c860f71f6f3dc117018f1c9d3f68e1ae2
  languageName: node
  linkType: hard

"@types/node@npm:*, @types/node@npm:^18.14.1":
  version: 18.14.1
  resolution: "@types/node@npm:18.14.1"
  checksum: 58556bbdb0050e44a4934742c1da2530812782c06d266a758e669e44c5aa196166c5fce45fdb03f016876717e3840478b3220129bb77367f979607564047f0a3
  languageName: node
  linkType: hard

"@types/triple-beam@npm:^1.3.2":
  version: 1.3.2
  resolution: "@types/triple-beam@npm:1.3.2"
  checksum: dd7b4a563fb710abc992e5d59eac481bed9e303fada2e276e37b00be31c392e03300ee468e57761e616512872e77935f92472877d0704a19688d15a726cee17b
  languageName: node
  linkType: hard

"@types/webidl-conversions@npm:*":
  version: 7.0.0
  resolution: "@types/webidl-conversions@npm:7.0.0"
  checksum: 60142c7ddd9eb6f907d232d6b3a81ecf990f73b5a62a004eba8bd0f54809a42ece68ce512e7e3e1d98af8b6393d66cddb96f3622d2fb223c4e9c8937c61bfed7
  languageName: node
  linkType: hard

"@types/whatwg-url@npm:^8.2.1":
  version: 8.2.2
  resolution: "@types/whatwg-url@npm:8.2.2"
  dependencies:
    "@types/node": "*"
    "@types/webidl-conversions": "*"
  checksum: 5dc5afe078dfa1a8a266745586fa3db9baa8ce7cc904789211d1dca1d34d7f3dd17d0b7423c36bc9beab9d98aa99338f1fc60798c0af6cbb8356f20e20d9f243
  languageName: node
  linkType: hard

"acorn-walk@npm:^8.1.1":
  version: 8.2.0
  resolution: "acorn-walk@npm:8.2.0"
  checksum: 1715e76c01dd7b2d4ca472f9c58968516a4899378a63ad5b6c2d668bba8da21a71976c14ec5f5b75f887b6317c4ae0b897ab141c831d741dc76024d8745f1ad1
  languageName: node
  linkType: hard

"acorn@npm:^8.4.1":
  version: 8.8.2
  resolution: "acorn@npm:8.8.2"
  bin:
    acorn: bin/acorn
  checksum: f790b99a1bf63ef160c967e23c46feea7787e531292bb827126334612c234ed489a0dc2c7ba33156416f0ffa8d25bf2b0fdb7f35c2ba60eb3e960572bece4001
  languageName: node
  linkType: hard

"ansi-regex@npm:^5.0.1":
  version: 5.0.1
  resolution: "ansi-regex@npm:5.0.1"
  checksum: 2aa4bb54caf2d622f1afdad09441695af2a83aa3fe8b8afa581d205e57ed4261c183c4d3877cee25794443fde5876417d859c108078ab788d6af7e4fe52eb66b
  languageName: node
  linkType: hard

"ansi-styles@npm:^4.0.0, ansi-styles@npm:^4.1.0":
  version: 4.3.0
  resolution: "ansi-styles@npm:4.3.0"
  dependencies:
    color-convert: ^2.0.1
  checksum: 513b44c3b2105dd14cc42a19271e80f386466c4be574bccf60b627432f9198571ebf4ab1e4c3ba17347658f4ee1711c163d574248c0c1cdc2d5917a0ad582ec4
  languageName: node
  linkType: hard

"arg@npm:^4.1.0":
  version: 4.1.3
  resolution: "arg@npm:4.1.3"
  checksum: 544af8dd3f60546d3e4aff084d451b96961d2267d668670199692f8d054f0415d86fc5497d0e641e91546f0aa920e7c29e5250e99fc89f5552a34b5d93b77f43
  languageName: node
  linkType: hard

"async@npm:^3.2.3":
  version: 3.2.4
  resolution: "async@npm:3.2.4"
  checksum: 43d07459a4e1d09b84a20772414aa684ff4de085cbcaec6eea3c7a8f8150e8c62aa6cd4e699fe8ee93c3a5b324e777d34642531875a0817a35697522c1b02e89
  languageName: node
  linkType: hard

"bson@npm:^5.0.1":
  version: 5.0.1
  resolution: "bson@npm:5.0.1"
  checksum: c8b028cdad57ab967d8deb4895d1341d84cd350c20137e9949ebd7924e408e81921fa5fcd17e07bc3aa3bca99a49208e95f0ab9606686b980af2eaf798b56e1f
  languageName: node
  linkType: hard

"chalk@npm:^4.1.0":
  version: 4.1.2
  resolution: "chalk@npm:4.1.2"
  dependencies:
    ansi-styles: ^4.1.0
    supports-color: ^7.1.0
  checksum: fe75c9d5c76a7a98d45495b91b2172fa3b7a09e0cc9370e5c8feb1c567b85c4288e2b3fded7cfdd7359ac28d6b3844feb8b82b8686842e93d23c827c417e83fc
  languageName: node
  linkType: hard

"cliui@npm:^8.0.1":
  version: 8.0.1
  resolution: "cliui@npm:8.0.1"
  dependencies:
    string-width: ^4.2.0
    strip-ansi: ^6.0.1
    wrap-ansi: ^7.0.0
  checksum: 79648b3b0045f2e285b76fb2e24e207c6db44323581e421c3acbd0e86454cba1b37aea976ab50195a49e7384b871e6dfb2247ad7dec53c02454ac6497394cb56
  languageName: node
  linkType: hard

"color-convert@npm:^1.9.3":
  version: 1.9.3
  resolution: "color-convert@npm:1.9.3"
  dependencies:
    color-name: 1.1.3
  checksum: fd7a64a17cde98fb923b1dd05c5f2e6f7aefda1b60d67e8d449f9328b4e53b228a428fd38bfeaeb2db2ff6b6503a776a996150b80cdf224062af08a5c8a3a203
  languageName: node
  linkType: hard

"color-convert@npm:^2.0.1":
  version: 2.0.1
  resolution: "color-convert@npm:2.0.1"
  dependencies:
    color-name: ~1.1.4
  checksum: 79e6bdb9fd479a205c71d89574fccfb22bd9053bd98c6c4d870d65c132e5e904e6034978e55b43d69fcaa7433af2016ee203ce76eeba9cfa554b373e7f7db336
  languageName: node
  linkType: hard

"color-name@npm:1.1.3":
  version: 1.1.3
  resolution: "color-name@npm:1.1.3"
  checksum: 09c5d3e33d2105850153b14466501f2bfb30324a2f76568a408763a3b7433b0e50e5b4ab1947868e65cb101bb7cb75029553f2c333b6d4b8138a73fcc133d69d
  languageName: node
  linkType: hard

"color-name@npm:^1.0.0, color-name@npm:~1.1.4":
  version: 1.1.4
  resolution: "color-name@npm:1.1.4"
  checksum: b0445859521eb4021cd0fb0cc1a75cecf67fceecae89b63f62b201cca8d345baf8b952c966862a9d9a2632987d4f6581f0ec8d957dfacece86f0a7919316f610
  languageName: node
  linkType: hard

"color-string@npm:^1.6.0":
  version: 1.9.1
  resolution: "color-string@npm:1.9.1"
  dependencies:
    color-name: ^1.0.0
    simple-swizzle: ^0.2.2
  checksum: c13fe7cff7885f603f49105827d621ce87f4571d78ba28ef4a3f1a104304748f620615e6bf065ecd2145d0d9dad83a3553f52bb25ede7239d18e9f81622f1cc5
  languageName: node
  linkType: hard

"color@npm:^3.1.3":
  version: 3.2.1
  resolution: "color@npm:3.2.1"
  dependencies:
    color-convert: ^1.9.3
    color-string: ^1.6.0
  checksum: f81220e8b774d35865c2561be921f5652117638dcda7ca4029262046e37fc2444ac7bbfdd110cf1fd9c074a4ee5eda8f85944ffbdda26186b602dd9bb05f6400
  languageName: node
  linkType: hard

"colorspace@npm:1.1.x":
  version: 1.1.4
  resolution: "colorspace@npm:1.1.4"
  dependencies:
    color: ^3.1.3
    text-hex: 1.0.x
  checksum: bb3934ef3c417e961e6d03d7ca60ea6e175947029bfadfcdb65109b01881a1c0ecf9c2b0b59abcd0ee4a0d7c1eae93beed01b0e65848936472270a0b341ebce8
  languageName: node
  linkType: hard

"concurrently@npm:^7.6.0":
  version: 7.6.0
  resolution: "concurrently@npm:7.6.0"
  dependencies:
    chalk: ^4.1.0
    date-fns: ^2.29.1
    lodash: ^4.17.21
    rxjs: ^7.0.0
    shell-quote: ^1.7.3
    spawn-command: ^0.0.2-1
    supports-color: ^8.1.0
    tree-kill: ^1.2.2
    yargs: ^17.3.1
  bin:
    conc: dist/bin/concurrently.js
    concurrently: dist/bin/concurrently.js
  checksum: f705c9a7960f1b16559ca64958043faeeef6385c0bf30a03d1375e15ab2d96dba4f8166f1bbbb1c85e8da35ca0ce3c353875d71dff2aa132b2357bb533b3332e
  languageName: node
  linkType: hard

"create-require@npm:^1.1.0":
  version: 1.1.1
  resolution: "create-require@npm:1.1.1"
  checksum: a9a1503d4390d8b59ad86f4607de7870b39cad43d929813599a23714831e81c520bddf61bcdd1f8e30f05fd3a2b71ae8538e946eb2786dc65c2bbc520f692eff
  languageName: node
  linkType: hard

"cross-spawn@npm:^7.0.3":
  version: 7.0.3
  resolution: "cross-spawn@npm:7.0.3"
  dependencies:
    path-key: ^3.1.0
    shebang-command: ^2.0.0
    which: ^2.0.1
  checksum: 671cc7c7288c3a8406f3c69a3ae2fc85555c04169e9d611def9a675635472614f1c0ed0ef80955d5b6d4e724f6ced67f0ad1bb006c2ea643488fcfef994d7f52
  languageName: node
  linkType: hard

"date-fns@npm:^2.29.1":
  version: 2.29.3
  resolution: "date-fns@npm:2.29.3"
  checksum: e01cf5b62af04e05dfff921bb9c9933310ed0e1ae9a81eb8653452e64dc841acf7f6e01e1a5ae5644d0337e9a7f936175fd2cb6819dc122fdd9c5e86c56be484
  languageName: node
  linkType: hard

"debug@npm:4.x":
  version: 4.3.4
  resolution: "debug@npm:4.3.4"
  dependencies:
    ms: 2.1.2
  peerDependenciesMeta:
    supports-color:
      optional: true
  checksum: 3dbad3f94ea64f34431a9cbf0bafb61853eda57bff2880036153438f50fb5a84f27683ba0d8e5426bf41a8c6ff03879488120cf5b3a761e77953169c0600a708
  languageName: node
  linkType: hard

"diff@npm:^4.0.1":
  version: 4.0.2
  resolution: "diff@npm:4.0.2"
  checksum: f2c09b0ce4e6b301c221addd83bf3f454c0bc00caa3dd837cf6c127d6edf7223aa2bbe3b688feea110b7f262adbfc845b757c44c8a9f8c0c5b15d8fa9ce9d20d
  languageName: node
  linkType: hard

"dotenv@npm:^16.0.3":
  version: 16.0.3
  resolution: "dotenv@npm:16.0.3"
  checksum: afcf03f373d7a6d62c7e9afea6328e62851d627a4e73f2e12d0a8deae1cd375892004f3021883f8aec85932cd2834b091f568ced92b4774625b321db83b827f8
  languageName: node
  linkType: hard

"duplexer@npm:~0.1.1":
  version: 0.1.2
  resolution: "duplexer@npm:0.1.2"
  checksum: 62ba61a830c56801db28ff6305c7d289b6dc9f859054e8c982abd8ee0b0a14d2e9a8e7d086ffee12e868d43e2bbe8a964be55ddbd8c8957714c87373c7a4f9b0
  languageName: node
  linkType: hard

"emoji-regex@npm:^8.0.0":
  version: 8.0.0
  resolution: "emoji-regex@npm:8.0.0"
  checksum: d4c5c39d5a9868b5fa152f00cada8a936868fd3367f33f71be515ecee4c803132d11b31a6222b2571b1e5f7e13890156a94880345594d0ce7e3c9895f560f192
  languageName: node
  linkType: hard

"enabled@npm:2.0.x":
  version: 2.0.0
  resolution: "enabled@npm:2.0.0"
  checksum: 9d256d89f4e8a46ff988c6a79b22fa814b4ffd82826c4fdacd9b42e9b9465709d3b748866d0ab4d442dfc6002d81de7f7b384146ccd1681f6a7f868d2acca063
  languageName: node
  linkType: hard

"escalade@npm:^3.1.1":
  version: 3.1.1
  resolution: "escalade@npm:3.1.1"
  checksum: a3e2a99f07acb74b3ad4989c48ca0c3140f69f923e56d0cba0526240ee470b91010f9d39001f2a4a313841d237ede70a729e92125191ba5d21e74b106800b133
  languageName: node
  linkType: hard

"event-stream@npm:=3.3.4":
  version: 3.3.4
  resolution: "event-stream@npm:3.3.4"
  dependencies:
    duplexer: ~0.1.1
    from: ~0
    map-stream: ~0.1.0
    pause-stream: 0.0.11
    split: 0.3
    stream-combiner: ~0.0.4
    through: ~2.3.1
  checksum: 80b467820b6daf824d9fb4345d2daf115a056e5c104463f2e98534e92d196a27f2df5ea2aa085624db26f4c45698905499e881d13bc7c01f7a13eac85be72a22
  languageName: node
  linkType: hard

"fecha@npm:^4.2.0":
  version: 4.2.3
  resolution: "fecha@npm:4.2.3"
  checksum: f94e2fb3acf5a7754165d04549460d3ae6c34830394d20c552197e3e000035d69732d74af04b9bed3283bf29fe2a9ebdcc0085e640b0be3cc3658b9726265e31
  languageName: node
  linkType: hard

"fn.name@npm:1.x.x":
  version: 1.1.0
  resolution: "fn.name@npm:1.1.0"
  checksum: e357144f48cfc9a7f52a82bbc6c23df7c8de639fce049cac41d41d62cabb740cdb9f14eddc6485e29c933104455bdd7a69bb14a9012cef9cd4fa252a4d0cf293
  languageName: node
  linkType: hard

"from@npm:~0":
  version: 0.1.7
  resolution: "from@npm:0.1.7"
  checksum: b85125b7890489656eb2e4f208f7654a93ec26e3aefaf3bbbcc0d496fc1941e4405834fcc9fe7333192aa2187905510ace70417bbf9ac6f6f4784a731d986939
  languageName: node
  linkType: hard

"get-caller-file@npm:^2.0.5":
  version: 2.0.5
  resolution: "get-caller-file@npm:2.0.5"
  checksum: b9769a836d2a98c3ee734a88ba712e62703f1df31b94b784762c433c27a386dd6029ff55c2a920c392e33657d80191edbf18c61487e198844844516f843496b9
  languageName: node
  linkType: hard

"has-flag@npm:^4.0.0":
  version: 4.0.0
  resolution: "has-flag@npm:4.0.0"
  checksum: 261a1357037ead75e338156b1f9452c016a37dcd3283a972a30d9e4a87441ba372c8b81f818cd0fbcd9c0354b4ae7e18b9e1afa1971164aef6d18c2b6095a8ad
  languageName: node
  linkType: hard

"inherits@npm:^2.0.3":
  version: 2.0.4
  resolution: "inherits@npm:2.0.4"
  checksum: 4a48a733847879d6cf6691860a6b1e3f0f4754176e4d71494c41f3475553768b10f84b5ce1d40fbd0e34e6bfbb864ee35858ad4dd2cf31e02fc4a154b724d7f1
  languageName: node
  linkType: hard

"ip@npm:^2.0.0":
  version: 2.0.0
  resolution: "ip@npm:2.0.0"
  checksum: cfcfac6b873b701996d71ec82a7dd27ba92450afdb421e356f44044ed688df04567344c36cbacea7d01b1c39a4c732dc012570ebe9bebfb06f27314bca625349
  languageName: node
  linkType: hard

"is-arrayish@npm:^0.3.1":
  version: 0.3.2
  resolution: "is-arrayish@npm:0.3.2"
  checksum: 977e64f54d91c8f169b59afcd80ff19227e9f5c791fa28fa2e5bce355cbaf6c2c356711b734656e80c9dd4a854dd7efcf7894402f1031dfc5de5d620775b4d5f
  languageName: node
  linkType: hard

"is-fullwidth-code-point@npm:^3.0.0":
  version: 3.0.0
  resolution: "is-fullwidth-code-point@npm:3.0.0"
  checksum: 44a30c29457c7fb8f00297bce733f0a64cd22eca270f83e58c105e0d015e45c019491a4ab2faef91ab51d4738c670daff901c799f6a700e27f7314029e99e348
  languageName: node
  linkType: hard

"is-stream@npm:^2.0.0":
  version: 2.0.1
  resolution: "is-stream@npm:2.0.1"
  checksum: b8e05ccdf96ac330ea83c12450304d4a591f9958c11fd17bed240af8d5ffe08aedafa4c0f4cfccd4d28dc9d4d129daca1023633d5c11601a6cbc77521f6fae66
  languageName: node
  linkType: hard

"isexe@npm:^2.0.0":
  version: 2.0.0
  resolution: "isexe@npm:2.0.0"
  checksum: 26bf6c5480dda5161c820c5b5c751ae1e766c587b1f951ea3fcfc973bafb7831ae5b54a31a69bd670220e42e99ec154475025a468eae58ea262f813fdc8d1c62
  languageName: node
  linkType: hard

"kareem@npm:2.5.1":
  version: 2.5.1
  resolution: "kareem@npm:2.5.1"
  checksum: b019a960a7b9e44b6ef224ef85e7583d4e969619f53319e571677fbed7e57e01ee8774589726b29741e42790996567d878003c18e674296742dc343bfbf3efb9
  languageName: node
  linkType: hard

"keep-a-changelog@npm:^2.2.1":
  version: 2.2.1
  resolution: "keep-a-changelog@npm:2.2.1"
  dependencies:
    "@deno/shim-deno": ~0.12.0
  bin:
    changelog: esm/bin.js
  checksum: a87619adea7c1cd75c240686b93330f2e1697c4dc7c8414031695debd3e44024ce18de0bb59f15fbc4449042975a705d4859adcd900881b2156736b217392418
  languageName: node
  linkType: hard

"kuler@npm:^2.0.0":
  version: 2.0.0
  resolution: "kuler@npm:2.0.0"
  checksum: 9e10b5a1659f9ed8761d38df3c35effabffbd19fc6107324095238e4ef0ff044392cae9ac64a1c2dda26e532426485342226b93806bd97504b174b0dcf04ed81
  languageName: node
  linkType: hard

"lodash@npm:^4.17.20, lodash@npm:^4.17.21":
  version: 4.17.21
  resolution: "lodash@npm:4.17.21"
  checksum: eb835a2e51d381e561e508ce932ea50a8e5a68f4ebdd771ea240d3048244a8d13658acbd502cd4829768c56f2e16bdd4340b9ea141297d472517b83868e677f7
  languageName: node
  linkType: hard

"logform@npm:^2.3.2, logform@npm:^2.4.0, logform@npm:^2.5.1":
  version: 2.5.1
  resolution: "logform@npm:2.5.1"
  dependencies:
    "@colors/colors": 1.5.0
    "@types/triple-beam": ^1.3.2
    fecha: ^4.2.0
    ms: ^2.1.1
    safe-stable-stringify: ^2.3.1
    triple-beam: ^1.3.0
  checksum: 08fdf03be5bb69af33bac214eb4f6a0c83ad3821a30de498925fccb61e993e5a4a87470aab356ca2110c11e4643685bed5597ca5f46dd1cd11437c44a0e0e3c2
  languageName: node
  linkType: hard

"loglevel@npm:^1.8.1":
  version: 1.8.1
  resolution: "loglevel@npm:1.8.1"
  checksum: a1a62db40291aaeaef2f612334c49e531bff71cc1d01a2acab689ab80d59e092f852ab164a5aedc1a752fdc46b7b162cb097d8a9eb2cf0b299511106c29af61d
  languageName: node
  linkType: hard

"lru-cache@npm:^6.0.0":
  version: 6.0.0
  resolution: "lru-cache@npm:6.0.0"
  dependencies:
    yallist: ^4.0.0
  checksum: f97f499f898f23e4585742138a22f22526254fdba6d75d41a1c2526b3b6cc5747ef59c5612ba7375f42aca4f8461950e925ba08c991ead0651b4918b7c978297
  languageName: node
  linkType: hard

"make-error@npm:^1.1.1":
  version: 1.3.6
  resolution: "make-error@npm:1.3.6"
  checksum: b86e5e0e25f7f777b77fabd8e2cbf15737972869d852a22b7e73c17623928fccb826d8e46b9951501d3f20e51ad74ba8c59ed584f610526a48f8ccf88aaec402
  languageName: node
  linkType: hard

"map-stream@npm:~0.1.0":
  version: 0.1.0
  resolution: "map-stream@npm:0.1.0"
  checksum: 38abbe4eb883888031e6b2fc0630bc583c99396be16b8ace5794b937b682a8a081f03e8b15bfd4914d1bc88318f0e9ac73ba3512ae65955cd449f63256ddb31d
  languageName: node
  linkType: hard

"memory-pager@npm:^1.0.2":
  version: 1.5.0
  resolution: "memory-pager@npm:1.5.0"
  checksum: d1a2e684583ef55c61cd3a49101da645b11ad57014dfc565e0b43baa9004b743f7e4ab81493d8fff2ab24e9950987cc3209c94bcc4fc8d7e30a475489a1f15e9
  languageName: node
  linkType: hard

"mongodb-connection-string-url@npm:^2.6.0":
  version: 2.6.0
  resolution: "mongodb-connection-string-url@npm:2.6.0"
  dependencies:
    "@types/whatwg-url": ^8.2.1
    whatwg-url: ^11.0.0
  checksum: 1d662f0ecfe96f7a400f625c244b2e52914c98f3562ee7d19941127578b5f8237624433bdcea285a654041b945b518803512989690c74548aec5860c5541c605
  languageName: node
  linkType: hard

"mongodb@npm:5.1.0":
  version: 5.1.0
  resolution: "mongodb@npm:5.1.0"
  dependencies:
    bson: ^5.0.1
    mongodb-connection-string-url: ^2.6.0
    saslprep: ^1.0.3
    socks: ^2.7.1
  peerDependencies:
    "@aws-sdk/credential-providers": ^3.201.0
    mongodb-client-encryption: ^2.3.0
    snappy: ^7.2.2
  dependenciesMeta:
    saslprep:
      optional: true
  peerDependenciesMeta:
    "@aws-sdk/credential-providers":
      optional: true
    mongodb-client-encryption:
      optional: true
    snappy:
      optional: true
  checksum: 993c14299ade84d4aadb06f16dccf31502b1018bf7a813d2477bf7a465854d3545a8950372e4410cd549c4426cf02b5d18cc4467eba35d031b46536e5cc79e3f
  languageName: node
  linkType: hard

"mongoose@npm:^7.0.0":
  version: 7.0.0
  resolution: "mongoose@npm:7.0.0"
  dependencies:
    bson: ^5.0.1
    kareem: 2.5.1
    mongodb: 5.1.0
    mpath: 0.9.0
    mquery: 5.0.0
    ms: 2.1.3
    sift: 16.0.1
  checksum: a43eb0ae6221479efe7f3cb31e1ce262aff77bc8dbdcf31b07841612542517676301f589036d8961084ae2cc23061b7f18b9b8196017754c34ccaba42108f543
  languageName: node
  linkType: hard

"mpath@npm:0.9.0":
  version: 0.9.0
  resolution: "mpath@npm:0.9.0"
  checksum: 1052f1f926db04502440f76164ae16ed53aa41f3ce34e7e64e3ed451b7d91ede295c3b600801c5f9eb862f03d9d59b7aa5aaf690c341fc521bef025d0f5cd773
  languageName: node
  linkType: hard

"mquery@npm:5.0.0":
  version: 5.0.0
  resolution: "mquery@npm:5.0.0"
  dependencies:
    debug: 4.x
  checksum: 0617ead71e40e3c38ab74a1e46214d578d654bf7916abd8b3fb2ceb433bb6287adfa0960f041f16e2ac41c5ed5d7ce2268582f0a0075fff2561bcd5a3f40b417
  languageName: node
  linkType: hard

"ms@npm:2.1.2":
  version: 2.1.2
  resolution: "ms@npm:2.1.2"
  checksum: 673cdb2c3133eb050c745908d8ce632ed2c02d85640e2edb3ace856a2266a813b30c613569bf3354fdf4ea7d1a1494add3bfa95e2713baa27d0c2c71fc44f58f
  languageName: node
  linkType: hard

"ms@npm:2.1.3, ms@npm:^2.1.1":
  version: 2.1.3
  resolution: "ms@npm:2.1.3"
  checksum: aa92de608021b242401676e35cfa5aa42dd70cbdc082b916da7fb925c542173e36bce97ea3e804923fe92c0ad991434e4a38327e15a1b5b5f945d66df615ae6d
  languageName: node
  linkType: hard

"node-cleanup@npm:^2.1.2":
  version: 2.1.2
  resolution: "node-cleanup@npm:2.1.2"
  checksum: 584cdc3e42560a998b4579f91ed8f936b27011628f3102e5a1093205f0691cdf8d899287d1f2e4d2071ea4ab1d615810bad6dbe2b988ef173a1cbaa76d8165b3
  languageName: node
  linkType: hard

"one-time@npm:^1.0.0":
  version: 1.0.0
  resolution: "one-time@npm:1.0.0"
  dependencies:
    fn.name: 1.x.x
  checksum: fd008d7e992bdec1c67f53a2f9b46381ee12a9b8c309f88b21f0223546003fb47e8ad7c1fd5843751920a8d276c63bd4b45670ef80c61fb3e07dbccc962b5c7d
  languageName: node
  linkType: hard

"path-key@npm:^3.1.0":
  version: 3.1.1
  resolution: "path-key@npm:3.1.1"
  checksum: 55cd7a9dd4b343412a8386a743f9c746ef196e57c823d90ca3ab917f90ab9f13dd0ded27252ba49dbdfcab2b091d998bc446f6220cd3cea65db407502a740020
  languageName: node
  linkType: hard

"pause-stream@npm:0.0.11":
  version: 0.0.11
  resolution: "pause-stream@npm:0.0.11"
  dependencies:
    through: ~2.3
  checksum: 3c4a14052a638b92e0c96eb00c0d7977df7f79ea28395250c525d197f1fc02d34ce1165d5362e2e6ebbb251524b94a76f3f0d4abc39ab8b016d97449fe15583c
  languageName: node
  linkType: hard

"prettier@npm:^2.8.4":
  version: 2.8.4
  resolution: "prettier@npm:2.8.4"
  bin:
    prettier: bin-prettier.js
  checksum: c173064bf3df57b6d93d19aa98753b9b9dd7657212e33b41ada8e2e9f9884066bb9ca0b4005b89b3ab137efffdf8fbe0b462785aba20364798ff4303aadda57e
  languageName: node
  linkType: hard

"ps-tree@npm:^1.2.0":
  version: 1.2.0
  resolution: "ps-tree@npm:1.2.0"
  dependencies:
    event-stream: =3.3.4
  bin:
    ps-tree: ./bin/ps-tree.js
  checksum: e635dd00f53d30d31696cf5f95b3a8dbdf9b1aeb36d4391578ce8e8cd22949b7c5536c73b0dc18c78615ea3ddd4be96101166be59ca2e3e3cb1e2f79ba3c7f98
  languageName: node
  linkType: hard

"punycode@npm:^2.1.1":
  version: 2.3.0
  resolution: "punycode@npm:2.3.0"
  checksum: 39f760e09a2a3bbfe8f5287cf733ecdad69d6af2fe6f97ca95f24b8921858b91e9ea3c9eeec6e08cede96181b3bb33f95c6ffd8c77e63986508aa2e8159fa200
  languageName: node
  linkType: hard

"readable-stream@npm:^3.4.0, readable-stream@npm:^3.6.0":
  version: 3.6.1
  resolution: "readable-stream@npm:3.6.1"
  dependencies:
    inherits: ^2.0.3
    string_decoder: ^1.1.1
    util-deprecate: ^1.0.1
  checksum: b7ab0508dba3c37277b9e43c0a970ea27635375698859a687f558c3c9393154b6c4f39c3aa5689641de183fffa26771bc1a45878ddde0236ad18fc8fdfde50ea
  languageName: node
  linkType: hard

"reflect-metadata@npm:^0.1.13":
  version: 0.1.13
  resolution: "reflect-metadata@npm:0.1.13"
  checksum: 798d379a7b6f6455501145419505c97dd11cbc23857a386add2b9ef15963ccf15a48d9d15507afe01d4cd74116df8a213247200bac00320bd7c11ddeaa5e8fb4
  languageName: node
  linkType: hard

"require-directory@npm:^2.1.1":
  version: 2.1.1
  resolution: "require-directory@npm:2.1.1"
  checksum: fb47e70bf0001fdeabdc0429d431863e9475e7e43ea5f94ad86503d918423c1543361cc5166d713eaa7029dd7a3d34775af04764bebff99ef413111a5af18c80
  languageName: node
  linkType: hard

"rimraf@npm:^4.1.2":
  version: 4.1.2
  resolution: "rimraf@npm:4.1.2"
  bin:
    rimraf: dist/cjs/src/bin.js
  checksum: 480b8147fd9bcbef3ac118f88a7b1169c3872977a3411a0c84df838bfc30e175a394c0db6f9619fc8b8a886a18c6d779d5e74f380a0075ecc710afaf81b3f50c
  languageName: node
  linkType: hard

"rxjs@npm:^7.0.0":
  version: 7.8.0
  resolution: "rxjs@npm:7.8.0"
  dependencies:
    tslib: ^2.1.0
  checksum: 61b4d4fd323c1043d8d6ceb91f24183b28bcf5def4f01ca111511d5c6b66755bc5578587fe714ef5d67cf4c9f2e26f4490d4e1d8cabf9bd5967687835e9866a2
  languageName: node
  linkType: hard

"safe-buffer@npm:~5.2.0":
  version: 5.2.1
  resolution: "safe-buffer@npm:5.2.1"
  checksum: b99c4b41fdd67a6aaf280fcd05e9ffb0813654894223afb78a31f14a19ad220bba8aba1cb14eddce1fcfb037155fe6de4e861784eb434f7d11ed58d1e70dd491
  languageName: node
  linkType: hard

"safe-stable-stringify@npm:^2.3.1":
  version: 2.4.2
  resolution: "safe-stable-stringify@npm:2.4.2"
  checksum: 0324ba2e40f78cae63e31a02b1c9bdf1b786621f9e8760845608eb9e81aef401944ac2078e5c9c1533cf516aea34d08fa8052ca853637ced84b791caaf1e394e
  languageName: node
  linkType: hard

"saslprep@npm:^1.0.3":
  version: 1.0.3
  resolution: "saslprep@npm:1.0.3"
  dependencies:
    sparse-bitfield: ^3.0.3
  checksum: 4fdc0b70fb5e523f977de405e12cca111f1f10dd68a0cfae0ca52c1a7919a94d1556598ba2d35f447655c3b32879846c77f9274c90806f6673248ae3cea6ee43
  languageName: node
  linkType: hard

"semver@npm:^7.3.8":
  version: 7.3.8
  resolution: "semver@npm:7.3.8"
  dependencies:
    lru-cache: ^6.0.0
  bin:
    semver: bin/semver.js
  checksum: ba9c7cbbf2b7884696523450a61fee1a09930d888b7a8d7579025ad93d459b2d1949ee5bbfeb188b2be5f4ac163544c5e98491ad6152df34154feebc2cc337c1
  languageName: node
  linkType: hard

"shebang-command@npm:^2.0.0":
  version: 2.0.0
  resolution: "shebang-command@npm:2.0.0"
  dependencies:
    shebang-regex: ^3.0.0
  checksum: 6b52fe87271c12968f6a054e60f6bde5f0f3d2db483a1e5c3e12d657c488a15474121a1d55cd958f6df026a54374ec38a4a963988c213b7570e1d51575cea7fa
  languageName: node
  linkType: hard

"shebang-regex@npm:^3.0.0":
  version: 3.0.0
  resolution: "shebang-regex@npm:3.0.0"
  checksum: 1a2bcae50de99034fcd92ad4212d8e01eedf52c7ec7830eedcf886622804fe36884278f2be8be0ea5fde3fd1c23911643a4e0f726c8685b61871c8908af01222
  languageName: node
  linkType: hard

"shell-quote@npm:^1.7.3":
  version: 1.8.0
  resolution: "shell-quote@npm:1.8.0"
  checksum: 6ef7c5e308b9c77eedded882653a132214fa98b4a1512bb507588cf6cd2fc78bfee73e945d0c3211af028a1eabe09c6a19b96edd8977dc149810797e93809749
  languageName: node
  linkType: hard

"sift@npm:16.0.1":
  version: 16.0.1
  resolution: "sift@npm:16.0.1"
  checksum: 5fe18a517a20c35e0c05238797cc605094a6cb602b08c4661268c415b71a10f1a55ee4cc8728552e390e7cb4683a33bcbd68d7971eb44645cc6211e2f00dd233
  languageName: node
  linkType: hard

"simple-swizzle@npm:^0.2.2":
  version: 0.2.2
  resolution: "simple-swizzle@npm:0.2.2"
  dependencies:
    is-arrayish: ^0.3.1
  checksum: a7f3f2ab5c76c4472d5c578df892e857323e452d9f392e1b5cf74b74db66e6294a1e1b8b390b519fa1b96b5b613f2a37db6cffef52c3f1f8f3c5ea64eb2d54c0
  languageName: node
  linkType: hard

"smart-buffer@npm:^4.2.0":
  version: 4.2.0
  resolution: "smart-buffer@npm:4.2.0"
  checksum: b5167a7142c1da704c0e3af85c402002b597081dd9575031a90b4f229ca5678e9a36e8a374f1814c8156a725d17008ae3bde63b92f9cfd132526379e580bec8b
  languageName: node
  linkType: hard

"socks@npm:^2.7.1":
  version: 2.7.1
  resolution: "socks@npm:2.7.1"
  dependencies:
    ip: ^2.0.0
    smart-buffer: ^4.2.0
  checksum: 259d9e3e8e1c9809a7f5c32238c3d4d2a36b39b83851d0f573bfde5f21c4b1288417ce1af06af1452569cd1eb0841169afd4998f0e04ba04656f6b7f0e46d748
  languageName: node
  linkType: hard

"sparse-bitfield@npm:^3.0.3":
  version: 3.0.3
  resolution: "sparse-bitfield@npm:3.0.3"
  dependencies:
    memory-pager: ^1.0.2
  checksum: 174da88dbbcc783d5dbd26921931cc83830280b8055fb05333786ebe6fc015b9601b24972b3d55920dd2d9f5fb120576fbfa2469b08e5222c9cadf3f05210aab
  languageName: node
  linkType: hard

"spawn-command@npm:^0.0.2-1":
  version: 0.0.2
  resolution: "spawn-command@npm:0.0.2"
  checksum: e35c5d28177b4d461d33c88cc11f6f3a5079e2b132c11e1746453bbb7a0c0b8a634f07541a2a234fa4758239d88203b758def509161b651e81958894c0b4b64b
  languageName: node
  linkType: hard

"split@npm:0.3":
  version: 0.3.3
  resolution: "split@npm:0.3.3"
  dependencies:
    through: 2
  checksum: 2e076634c9637cfdc54ab4387b6a243b8c33b360874a25adf6f327a5647f07cb3bf1c755d515248eb3afee4e382278d01f62c62d87263c118f28065b86f74f02
  languageName: node
  linkType: hard

"stack-trace@npm:0.0.x":
  version: 0.0.10
  resolution: "stack-trace@npm:0.0.10"
  checksum: 473036ad32f8c00e889613153d6454f9be0536d430eb2358ca51cad6b95cea08a3cc33cc0e34de66b0dad221582b08ed2e61ef8e13f4087ab690f388362d6610
  languageName: node
  linkType: hard

"stream-combiner@npm:~0.0.4":
  version: 0.0.4
  resolution: "stream-combiner@npm:0.0.4"
  dependencies:
    duplexer: ~0.1.1
  checksum: 844b622cfe8b9de45a6007404f613b60aaf85200ab9862299066204242f89a7c8033b1c356c998aa6cfc630f6cd9eba119ec1c6dc1f93e245982be4a847aee7d
  languageName: node
  linkType: hard

"string-argv@npm:^0.3.1":
  version: 0.3.1
  resolution: "string-argv@npm:0.3.1"
  checksum: efbd0289b599bee808ce80820dfe49c9635610715429c6b7cc50750f0437e3c2f697c81e5c390208c13b5d5d12d904a1546172a88579f6ee5cbaaaa4dc9ec5cf
  languageName: node
  linkType: hard

"string-width@npm:^4.1.0, string-width@npm:^4.2.0, string-width@npm:^4.2.3":
  version: 4.2.3
  resolution: "string-width@npm:4.2.3"
  dependencies:
    emoji-regex: ^8.0.0
    is-fullwidth-code-point: ^3.0.0
    strip-ansi: ^6.0.1
  checksum: e52c10dc3fbfcd6c3a15f159f54a90024241d0f149cf8aed2982a2d801d2e64df0bf1dc351cf8e95c3319323f9f220c16e740b06faecd53e2462df1d2b5443fb
  languageName: node
  linkType: hard

"string_decoder@npm:^1.1.1":
  version: 1.3.0
  resolution: "string_decoder@npm:1.3.0"
  dependencies:
    safe-buffer: ~5.2.0
  checksum: 8417646695a66e73aefc4420eb3b84cc9ffd89572861fe004e6aeb13c7bc00e2f616247505d2dbbef24247c372f70268f594af7126f43548565c68c117bdeb56
  languageName: node
  linkType: hard

"strip-ansi@npm:^6.0.0, strip-ansi@npm:^6.0.1":
  version: 6.0.1
  resolution: "strip-ansi@npm:6.0.1"
  dependencies:
    ansi-regex: ^5.0.1
  checksum: f3cd25890aef3ba6e1a74e20896c21a46f482e93df4a06567cebf2b57edabb15133f1f94e57434e0a958d61186087b1008e89c94875d019910a213181a14fc8c
  languageName: node
  linkType: hard

"supports-color@npm:^7.1.0":
  version: 7.2.0
  resolution: "supports-color@npm:7.2.0"
  dependencies:
    has-flag: ^4.0.0
  checksum: 3dda818de06ebbe5b9653e07842d9479f3555ebc77e9a0280caf5a14fb877ffee9ed57007c3b78f5a6324b8dbeec648d9e97a24e2ed9fdb81ddc69ea07100f4a
  languageName: node
  linkType: hard

"supports-color@npm:^8.1.0":
  version: 8.1.1
  resolution: "supports-color@npm:8.1.1"
  dependencies:
    has-flag: ^4.0.0
  checksum: c052193a7e43c6cdc741eb7f378df605636e01ad434badf7324f17fb60c69a880d8d8fcdcb562cf94c2350e57b937d7425ab5b8326c67c2adc48f7c87c1db406
  languageName: node
  linkType: hard

"text-hex@npm:1.0.x":
  version: 1.0.0
  resolution: "text-hex@npm:1.0.0"
  checksum: 1138f68adc97bf4381a302a24e2352f04992b7b1316c5003767e9b0d3367ffd0dc73d65001ea02b07cd0ecc2a9d186de0cf02f3c2d880b8a522d4ccb9342244a
  languageName: node
  linkType: hard

"through@npm:2, through@npm:~2.3, through@npm:~2.3.1":
  version: 2.3.8
  resolution: "through@npm:2.3.8"
  checksum: a38c3e059853c494af95d50c072b83f8b676a9ba2818dcc5b108ef252230735c54e0185437618596c790bbba8fcdaef5b290405981ffa09dce67b1f1bf190cbd
  languageName: node
  linkType: hard

"tr46@npm:^3.0.0":
  version: 3.0.0
  resolution: "tr46@npm:3.0.0"
  dependencies:
    punycode: ^2.1.1
  checksum: 44c3cc6767fb800490e6e9fd64fd49041aa4e49e1f6a012b34a75de739cc9ed3a6405296072c1df8b6389ae139c5e7c6496f659cfe13a04a4bff3a1422981270
  languageName: node
  linkType: hard

"tree-kill@npm:^1.2.2":
  version: 1.2.2
  resolution: "tree-kill@npm:1.2.2"
  bin:
    tree-kill: cli.js
  checksum: 49117f5f410d19c84b0464d29afb9642c863bc5ba40fcb9a245d474c6d5cc64d1b177a6e6713129eb346b40aebb9d4631d967517f9fbe8251c35b21b13cd96c7
  languageName: node
  linkType: hard

"triple-beam@npm:^1.3.0":
  version: 1.3.0
  resolution: "triple-beam@npm:1.3.0"
  checksum: 7d7b77d8625fb252c126c24984a68de462b538a8fcd1de2abd0a26421629cf3527d48e23b3c2264f08f4a6c3bc40a478a722176f4d7b6a1acc154cb70c359f2b
  languageName: node
  linkType: hard

"ts-node@npm:^10.9.1":
  version: 10.9.1
  resolution: "ts-node@npm:10.9.1"
  dependencies:
    "@cspotcode/source-map-support": ^0.8.0
    "@tsconfig/node10": ^1.0.7
    "@tsconfig/node12": ^1.0.7
    "@tsconfig/node14": ^1.0.0
    "@tsconfig/node16": ^1.0.2
    acorn: ^8.4.1
    acorn-walk: ^8.1.1
    arg: ^4.1.0
    create-require: ^1.1.0
    diff: ^4.0.1
    make-error: ^1.1.1
    v8-compile-cache-lib: ^3.0.1
    yn: 3.1.1
  peerDependencies:
    "@swc/core": ">=1.2.50"
    "@swc/wasm": ">=1.2.50"
    "@types/node": "*"
    typescript: ">=2.7"
  peerDependenciesMeta:
    "@swc/core":
      optional: true
    "@swc/wasm":
      optional: true
  bin:
    ts-node: dist/bin.js
    ts-node-cwd: dist/bin-cwd.js
    ts-node-esm: dist/bin-esm.js
    ts-node-script: dist/bin-script.js
    ts-node-transpile-only: dist/bin-transpile.js
    ts-script: dist/bin-script-deprecated.js
  checksum: 090adff1302ab20bd3486e6b4799e90f97726ed39e02b39e566f8ab674fd5bd5f727f43615debbfc580d33c6d9d1c6b1b3ce7d8e3cca3e20530a145ffa232c35
  languageName: node
  linkType: hard

"tsc-watch@npm:^6.0.0":
  version: 6.0.0
  resolution: "tsc-watch@npm:6.0.0"
  dependencies:
    cross-spawn: ^7.0.3
    node-cleanup: ^2.1.2
    ps-tree: ^1.2.0
    string-argv: ^0.3.1
  peerDependencies:
    typescript: "*"
  bin:
    tsc-watch: dist/lib/tsc-watch.js
  checksum: 34e74a703ecb28689d0f6ba311781ff68be47f5f095439654b095f3ea4a5921708fca61b5727e33527639a9a147b42d10bc3fe3595afee92b41b2bacfba06043
  languageName: node
  linkType: hard

"tslib@npm:^2.1.0, tslib@npm:^2.5.0":
  version: 2.5.0
  resolution: "tslib@npm:2.5.0"
  checksum: ae3ed5f9ce29932d049908ebfdf21b3a003a85653a9a140d614da6b767a93ef94f460e52c3d787f0e4f383546981713f165037dc2274df212ea9f8a4541004e1
  languageName: node
  linkType: hard

"typescript-project-template@workspace:.":
  version: 0.0.0-use.local
  resolution: "typescript-project-template@workspace:."
  dependencies:
    "@typegoose/typegoose": ^10.2.0
    "@types/node": ^18.14.1
    concurrently: ^7.6.0
    dotenv: ^16.0.3
    keep-a-changelog: ^2.2.1
    logform: ^2.5.1
    mongoose: ^7.0.0
    prettier: ^2.8.4
    rimraf: ^4.1.2
    ts-node: ^10.9.1
    tsc-watch: ^6.0.0
    typescript: ^4.9.5
    winston: ^3.8.2
  languageName: unknown
  linkType: soft

"typescript@npm:^4.9.5":
  version: 4.9.5
  resolution: "typescript@npm:4.9.5"
  bin:
    tsc: bin/tsc
    tsserver: bin/tsserver
  checksum: ee000bc26848147ad423b581bd250075662a354d84f0e06eb76d3b892328d8d4440b7487b5a83e851b12b255f55d71835b008a66cbf8f255a11e4400159237db
  languageName: node
  linkType: hard

"typescript@patch:typescript@^4.9.5#~builtin<compat/typescript>":
  version: 4.9.5
  resolution: "typescript@patch:typescript@npm%3A4.9.5#~builtin<compat/typescript>::version=4.9.5&hash=23ec76"
  bin:
    tsc: bin/tsc
    tsserver: bin/tsserver
  checksum: ab417a2f398380c90a6cf5a5f74badd17866adf57f1165617d6a551f059c3ba0a3e4da0d147b3ac5681db9ac76a303c5876394b13b3de75fdd5b1eaa06181c9d
  languageName: node
  linkType: hard

"util-deprecate@npm:^1.0.1":
  version: 1.0.2
  resolution: "util-deprecate@npm:1.0.2"
  checksum: 474acf1146cb2701fe3b074892217553dfcf9a031280919ba1b8d651a068c9b15d863b7303cb15bd00a862b498e6cf4ad7b4a08fb134edd5a6f7641681cb54a2
  languageName: node
  linkType: hard

"v8-compile-cache-lib@npm:^3.0.1":
  version: 3.0.1
  resolution: "v8-compile-cache-lib@npm:3.0.1"
  checksum: 78089ad549e21bcdbfca10c08850022b22024cdcc2da9b168bcf5a73a6ed7bf01a9cebb9eac28e03cd23a684d81e0502797e88f3ccd27a32aeab1cfc44c39da0
  languageName: node
  linkType: hard

"webidl-conversions@npm:^7.0.0":
  version: 7.0.0
  resolution: "webidl-conversions@npm:7.0.0"
  checksum: f05588567a2a76428515333eff87200fae6c83c3948a7482ebb109562971e77ef6dc49749afa58abb993391227c5697b3ecca52018793e0cb4620a48f10bd21b
  languageName: node
  linkType: hard

"whatwg-url@npm:^11.0.0":
  version: 11.0.0
  resolution: "whatwg-url@npm:11.0.0"
  dependencies:
    tr46: ^3.0.0
    webidl-conversions: ^7.0.0
  checksum: ed4826aaa57e66bb3488a4b25c9cd476c46ba96052747388b5801f137dd740b73fde91ad207d96baf9f17fbcc80fc1a477ad65181b5eb5fa718d27c69501d7af
  languageName: node
  linkType: hard

"which@npm:^2.0.1, which@npm:^2.0.2":
  version: 2.0.2
  resolution: "which@npm:2.0.2"
  dependencies:
    isexe: ^2.0.0
  bin:
    node-which: ./bin/node-which
  checksum: 1a5c563d3c1b52d5f893c8b61afe11abc3bab4afac492e8da5bde69d550de701cf9806235f20a47b5c8fa8a1d6a9135841de2596535e998027a54589000e66d1
  languageName: node
  linkType: hard

"winston-transport@npm:^4.5.0":
  version: 4.5.0
  resolution: "winston-transport@npm:4.5.0"
  dependencies:
    logform: ^2.3.2
    readable-stream: ^3.6.0
    triple-beam: ^1.3.0
  checksum: a56e5678a80b88a73e77ed998fc6e19d0db19c989a356b137ec236782f2bf58ae4511b11c29163f99391fa4dc12102c7bc5738dcb6543f28877fa2819adc3ee9
  languageName: node
  linkType: hard

"winston@npm:^3.8.2":
  version: 3.8.2
  resolution: "winston@npm:3.8.2"
  dependencies:
    "@colors/colors": 1.5.0
    "@dabh/diagnostics": ^2.0.2
    async: ^3.2.3
    is-stream: ^2.0.0
    logform: ^2.4.0
    one-time: ^1.0.0
    readable-stream: ^3.4.0
    safe-stable-stringify: ^2.3.1
    stack-trace: 0.0.x
    triple-beam: ^1.3.0
    winston-transport: ^4.5.0
  checksum: f7b901798b92ab9e93c850110bf6e98500e9a0e762b62dab410cf928b2a4145533dfa6d3d2b24f7bf0dc94b53808d5bd28aaaeff9a4b43b89ea4c798cce308ea
  languageName: node
  linkType: hard

"wrap-ansi@npm:^7.0.0":
  version: 7.0.0
  resolution: "wrap-ansi@npm:7.0.0"
  dependencies:
    ansi-styles: ^4.0.0
    string-width: ^4.1.0
    strip-ansi: ^6.0.0
  checksum: a790b846fd4505de962ba728a21aaeda189b8ee1c7568ca5e817d85930e06ef8d1689d49dbf0e881e8ef84436af3a88bc49115c2e2788d841ff1b8b5b51a608b
  languageName: node
  linkType: hard

"y18n@npm:^5.0.5":
  version: 5.0.8
  resolution: "y18n@npm:5.0.8"
  checksum: 54f0fb95621ee60898a38c572c515659e51cc9d9f787fb109cef6fde4befbe1c4602dc999d30110feee37456ad0f1660fa2edcfde6a9a740f86a290999550d30
  languageName: node
  linkType: hard

"yallist@npm:^4.0.0":
  version: 4.0.0
  resolution: "yallist@npm:4.0.0"
  checksum: 343617202af32df2a15a3be36a5a8c0c8545208f3d3dfbc6bb7c3e3b7e8c6f8e7485432e4f3b88da3031a6e20afa7c711eded32ddfb122896ac5d914e75848d5
  languageName: node
  linkType: hard

"yargs-parser@npm:^21.1.1":
  version: 21.1.1
  resolution: "yargs-parser@npm:21.1.1"
  checksum: ed2d96a616a9e3e1cc7d204c62ecc61f7aaab633dcbfab2c6df50f7f87b393993fe6640d017759fe112d0cb1e0119f2b4150a87305cc873fd90831c6a58ccf1c
  languageName: node
  linkType: hard

"yargs@npm:^17.3.1":
  version: 17.7.1
  resolution: "yargs@npm:17.7.1"
  dependencies:
    cliui: ^8.0.1
    escalade: ^3.1.1
    get-caller-file: ^2.0.5
    require-directory: ^2.1.1
    string-width: ^4.2.3
    y18n: ^5.0.5
    yargs-parser: ^21.1.1
  checksum: 3d8a43c336a4942bc68080768664aca85c7bd406f018bad362fd255c41c8f4e650277f42fd65d543fce99e084124ddafee7bbfc1a5c6a8fda4cec78609dcf8d4
  languageName: node
  linkType: hard

"yn@npm:3.1.1":
  version: 3.1.1
  resolution: "yn@npm:3.1.1"
  checksum: 2c487b0e149e746ef48cda9f8bad10fc83693cd69d7f9dcd8be4214e985de33a29c9e24f3c0d6bcf2288427040a8947406ab27f7af67ee9456e6b84854f02dd6
  languageName: node
  linkType: hard
